{
    "name": "gpt-test-prompt",
    "version": "1.0.0",
    "lockfileVersion": 3,
    "requires": true,
    "packages": {
        "": {
            "name": "gpt-test-prompt",
            "version": "1.0.0",
            "license": "ISC",
            "bin": {
                "getprompt": "index.js"
            },
            "engines": {
                "node": ">=10.0.0"
            }
        }
    }
}
